
Microsoft Visual Studio Solution File, Format Version 12.00
# Visual Studio Version 16
VisualStudioVersion = 16.0.29806.167
MinimumVisualStudioVersion = 10.0.40219.1
Project("{FAE04EC0-301F-11D3-BF4B-00C04F79EFBC}") = "DeadLock", "OpgaverTilEksamen\DeadLock.csproj", "{4A7DCA79-33D3-4F76-8946-C19523771F3B}"
EndProject
Project("{2150E333-8FDC-42A3-9474-1A3956D46DE8}") = "Algoritmer", "Algoritmer", "{5C9FE9E0-43C5-4515-835E-D61CBDE2536D}"
EndProject
Project("{2150E333-8FDC-42A3-9474-1A3956D46DE8}") = "DesignPattern", "DesignPattern", "{1BEED96F-6142-4672-BCBA-D9BBC3C91A67}"
EndProject
Project("{FAE04EC0-301F-11D3-BF4B-00C04F79EFBC}") = "InsertionSort", "InsertionSort\InsertionSort.csproj", "{397FBC5B-E881-4B99-9F00-B4D2F0631621}"
EndProject
Project("{FAE04EC0-301F-11D3-BF4B-00C04F79EFBC}") = "BubbleSort", "BubbleSort\BubbleSort.csproj", "{F84D60BE-6126-4CDE-9A9C-E5A7BFB85D3C}"
EndProject
Project("{FAE04EC0-301F-11D3-BF4B-00C04F79EFBC}") = "QuickSort", "QuickSort\QuickSort.csproj", "{940D6EB0-C637-45B5-B6AA-34B4EEF6AC47}"
EndProject
Project("{FAE04EC0-301F-11D3-BF4B-00C04F79EFBC}") = "DybdeSearch", "DybdeSearch\DybdeSearch.csproj", "{2F67249A-726B-48BD-B5F9-54BB2669C096}"
EndProject
Project("{FAE04EC0-301F-11D3-BF4B-00C04F79EFBC}") = "BreddeSearch", "BreddeSearch\BreddeSearch.csproj", "{6AD03C26-EE5E-42D8-A96B-B7CBCF0E7E76}"
EndProject
Project("{FAE04EC0-301F-11D3-BF4B-00C04F79EFBC}") = "Decorator", "Decorator\Decorator.csproj", "{CBAEF799-C453-4E86-A7DA-AFDE9CA6990A}"
EndProject
Project("{FAE04EC0-301F-11D3-BF4B-00C04F79EFBC}") = "Builder", "Builder\Builder.csproj", "{93B2654D-9239-4EED-AED0-36E48ED6DE9E}"
EndProject
Project("{FAE04EC0-301F-11D3-BF4B-00C04F79EFBC}") = "Factory", "Factory\Factory.csproj", "{ECC82C33-8B48-481C-94F1-CDB9772BFFBA}"
EndProject
Project("{FAE04EC0-301F-11D3-BF4B-00C04F79EFBC}") = "SingleTon", "SingleTon\SingleTon.csproj", "{6B870143-9018-4876-A2FF-F26809F6AD10}"
EndProject
Project("{FAE04EC0-301F-11D3-BF4B-00C04F79EFBC}") = "Strategy", "Strategy\Strategy.csproj", "{A73CE47E-4547-4121-9E2D-082F6F84C38B}"
EndProject
Project("{FAE04EC0-301F-11D3-BF4B-00C04F79EFBC}") = "Protoype", "Protoype\Protoype.csproj", "{B9AD056D-088A-49DF-B7C3-9785934E9F60}"
EndProject
Project("{FAE04EC0-301F-11D3-BF4B-00C04F79EFBC}") = "ObjectPool", "ObjectPool\ObjectPool.csproj", "{2505877D-672F-43AF-BC03-E7A032810EBB}"
EndProject
Project("{FAE04EC0-301F-11D3-BF4B-00C04F79EFBC}") = "Lazy Loading", "Lazy Loading\Lazy Loading.csproj", "{FDB96F10-6118-4FA8-884A-2977F07602CA}"
EndProject
Project("{FAE04EC0-301F-11D3-BF4B-00C04F79EFBC}") = "Eager Loading", "Eager Loading\Eager Loading.csproj", "{25E03D6E-17F6-4EED-B002-17CFFFCD130C}"
EndProject
Project("{2150E333-8FDC-42A3-9474-1A3956D46DE8}") = "Threads", "Threads", "{0B170B1D-EC1C-4B6D-98A5-16BC7BDE863A}"
EndProject
Project("{2150E333-8FDC-42A3-9474-1A3956D46DE8}") = "UnitTest", "UnitTest", "{6FF4C92C-332B-45B5-8263-8B7A604036C7}"
EndProject
Project("{FAE04EC0-301F-11D3-BF4B-00C04F79EFBC}") = "StatePat", "StatePat\StatePat.csproj", "{B652295A-AA3A-4EA7-81CD-319B76F5E0EB}"
EndProject
Project("{FAE04EC0-301F-11D3-BF4B-00C04F79EFBC}") = "Graphh", "Graph\Graphh.csproj", "{3098A056-C55A-473F-99D1-05141E9AAF29}"
EndProject
Project("{FAE04EC0-301F-11D3-BF4B-00C04F79EFBC}") = "FindLargestNumberTest", "FindLargestNumberTest\FindLargestNumberTest.csproj", "{C0306D22-F9F3-4861-9C72-56725FCD2FBD}"
EndProject
Project("{FAE04EC0-301F-11D3-BF4B-00C04F79EFBC}") = "FindLargestNumber", "FindLargestNumber\FindLargestNumber.csproj", "{8B731540-32A6-40A7-8C41-126997CE7DBF}"
EndProject
Global
	GlobalSection(SolutionConfigurationPlatforms) = preSolution
		Debug|Any CPU = Debug|Any CPU
		Release|Any CPU = Release|Any CPU
	EndGlobalSection
	GlobalSection(ProjectConfigurationPlatforms) = postSolution
		{4A7DCA79-33D3-4F76-8946-C19523771F3B}.Debug|Any CPU.ActiveCfg = Debug|Any CPU
		{4A7DCA79-33D3-4F76-8946-C19523771F3B}.Debug|Any CPU.Build.0 = Debug|Any CPU
		{4A7DCA79-33D3-4F76-8946-C19523771F3B}.Release|Any CPU.ActiveCfg = Release|Any CPU
		{4A7DCA79-33D3-4F76-8946-C19523771F3B}.Release|Any CPU.Build.0 = Release|Any CPU
		{397FBC5B-E881-4B99-9F00-B4D2F0631621}.Debug|Any CPU.ActiveCfg = Debug|Any CPU
		{397FBC5B-E881-4B99-9F00-B4D2F0631621}.Debug|Any CPU.Build.0 = Debug|Any CPU
		{397FBC5B-E881-4B99-9F00-B4D2F0631621}.Release|Any CPU.ActiveCfg = Release|Any CPU
		{397FBC5B-E881-4B99-9F00-B4D2F0631621}.Release|Any CPU.Build.0 = Release|Any CPU
		{F84D60BE-6126-4CDE-9A9C-E5A7BFB85D3C}.Debug|Any CPU.ActiveCfg = Debug|Any CPU
		{F84D60BE-6126-4CDE-9A9C-E5A7BFB85D3C}.Debug|Any CPU.Build.0 = Debug|Any CPU
		{F84D60BE-6126-4CDE-9A9C-E5A7BFB85D3C}.Release|Any CPU.ActiveCfg = Release|Any CPU
		{F84D60BE-6126-4CDE-9A9C-E5A7BFB85D3C}.Release|Any CPU.Build.0 = Release|Any CPU
		{940D6EB0-C637-45B5-B6AA-34B4EEF6AC47}.Debug|Any CPU.ActiveCfg = Debug|Any CPU
		{940D6EB0-C637-45B5-B6AA-34B4EEF6AC47}.Debug|Any CPU.Build.0 = Debug|Any CPU
		{940D6EB0-C637-45B5-B6AA-34B4EEF6AC47}.Release|Any CPU.ActiveCfg = Release|Any CPU
		{940D6EB0-C637-45B5-B6AA-34B4EEF6AC47}.Release|Any CPU.Build.0 = Release|Any CPU
		{2F67249A-726B-48BD-B5F9-54BB2669C096}.Debug|Any CPU.ActiveCfg = Debug|Any CPU
		{2F67249A-726B-48BD-B5F9-54BB2669C096}.Debug|Any CPU.Build.0 = Debug|Any CPU
		{2F67249A-726B-48BD-B5F9-54BB2669C096}.Release|Any CPU.ActiveCfg = Release|Any CPU
		{2F67249A-726B-48BD-B5F9-54BB2669C096}.Release|Any CPU.Build.0 = Release|Any CPU
		{6AD03C26-EE5E-42D8-A96B-B7CBCF0E7E76}.Debug|Any CPU.ActiveCfg = Debug|Any CPU
		{6AD03C26-EE5E-42D8-A96B-B7CBCF0E7E76}.Debug|Any CPU.Build.0 = Debug|Any CPU
		{6AD03C26-EE5E-42D8-A96B-B7CBCF0E7E76}.Release|Any CPU.ActiveCfg = Release|Any CPU
		{6AD03C26-EE5E-42D8-A96B-B7CBCF0E7E76}.Release|Any CPU.Build.0 = Release|Any CPU
		{CBAEF799-C453-4E86-A7DA-AFDE9CA6990A}.Debug|Any CPU.ActiveCfg = Debug|Any CPU
		{CBAEF799-C453-4E86-A7DA-AFDE9CA6990A}.Debug|Any CPU.Build.0 = Debug|Any CPU
		{CBAEF799-C453-4E86-A7DA-AFDE9CA6990A}.Release|Any CPU.ActiveCfg = Release|Any CPU
		{CBAEF799-C453-4E86-A7DA-AFDE9CA6990A}.Release|Any CPU.Build.0 = Release|Any CPU
		{93B2654D-9239-4EED-AED0-36E48ED6DE9E}.Debug|Any CPU.ActiveCfg = Debug|Any CPU
		{93B2654D-9239-4EED-AED0-36E48ED6DE9E}.Debug|Any CPU.Build.0 = Debug|Any CPU
		{93B2654D-9239-4EED-AED0-36E48ED6DE9E}.Release|Any CPU.ActiveCfg = Release|Any CPU
		{93B2654D-9239-4EED-AED0-36E48ED6DE9E}.Release|Any CPU.Build.0 = Release|Any CPU
		{ECC82C33-8B48-481C-94F1-CDB9772BFFBA}.Debug|Any CPU.ActiveCfg = Debug|Any CPU
		{ECC82C33-8B48-481C-94F1-CDB9772BFFBA}.Debug|Any CPU.Build.0 = Debug|Any CPU
		{ECC82C33-8B48-481C-94F1-CDB9772BFFBA}.Release|Any CPU.ActiveCfg = Release|Any CPU
		{ECC82C33-8B48-481C-94F1-CDB9772BFFBA}.Release|Any CPU.Build.0 = Release|Any CPU
		{6B870143-9018-4876-A2FF-F26809F6AD10}.Debug|Any CPU.ActiveCfg = Debug|Any CPU
		{6B870143-9018-4876-A2FF-F26809F6AD10}.Debug|Any CPU.Build.0 = Debug|Any CPU
		{6B870143-9018-4876-A2FF-F26809F6AD10}.Release|Any CPU.ActiveCfg = Release|Any CPU
		{6B870143-9018-4876-A2FF-F26809F6AD10}.Release|Any CPU.Build.0 = Release|Any CPU
		{A73CE47E-4547-4121-9E2D-082F6F84C38B}.Debug|Any CPU.ActiveCfg = Debug|Any CPU
		{A73CE47E-4547-4121-9E2D-082F6F84C38B}.Debug|Any CPU.Build.0 = Debug|Any CPU
		{A73CE47E-4547-4121-9E2D-082F6F84C38B}.Release|Any CPU.ActiveCfg = Release|Any CPU
		{A73CE47E-4547-4121-9E2D-082F6F84C38B}.Release|Any CPU.Build.0 = Release|Any CPU
		{B9AD056D-088A-49DF-B7C3-9785934E9F60}.Debug|Any CPU.ActiveCfg = Debug|Any CPU
		{B9AD056D-088A-49DF-B7C3-9785934E9F60}.Debug|Any CPU.Build.0 = Debug|Any CPU
		{B9AD056D-088A-49DF-B7C3-9785934E9F60}.Release|Any CPU.ActiveCfg = Release|Any CPU
		{B9AD056D-088A-49DF-B7C3-9785934E9F60}.Release|Any CPU.Build.0 = Release|Any CPU
		{2505877D-672F-43AF-BC03-E7A032810EBB}.Debug|Any CPU.ActiveCfg = Debug|Any CPU
		{2505877D-672F-43AF-BC03-E7A032810EBB}.Debug|Any CPU.Build.0 = Debug|Any CPU
		{2505877D-672F-43AF-BC03-E7A032810EBB}.Release|Any CPU.ActiveCfg = Release|Any CPU
		{2505877D-672F-43AF-BC03-E7A032810EBB}.Release|Any CPU.Build.0 = Release|Any CPU
		{FDB96F10-6118-4FA8-884A-2977F07602CA}.Debug|Any CPU.ActiveCfg = Debug|Any CPU
		{FDB96F10-6118-4FA8-884A-2977F07602CA}.Debug|Any CPU.Build.0 = Debug|Any CPU
		{FDB96F10-6118-4FA8-884A-2977F07602CA}.Release|Any CPU.ActiveCfg = Release|Any CPU
		{FDB96F10-6118-4FA8-884A-2977F07602CA}.Release|Any CPU.Build.0 = Release|Any CPU
		{25E03D6E-17F6-4EED-B002-17CFFFCD130C}.Debug|Any CPU.ActiveCfg = Debug|Any CPU
		{25E03D6E-17F6-4EED-B002-17CFFFCD130C}.Debug|Any CPU.Build.0 = Debug|Any CPU
		{25E03D6E-17F6-4EED-B002-17CFFFCD130C}.Release|Any CPU.ActiveCfg = Release|Any CPU
		{25E03D6E-17F6-4EED-B002-17CFFFCD130C}.Release|Any CPU.Build.0 = Release|Any CPU
		{B652295A-AA3A-4EA7-81CD-319B76F5E0EB}.Debug|Any CPU.ActiveCfg = Debug|Any CPU
		{B652295A-AA3A-4EA7-81CD-319B76F5E0EB}.Debug|Any CPU.Build.0 = Debug|Any CPU
		{B652295A-AA3A-4EA7-81CD-319B76F5E0EB}.Release|Any CPU.ActiveCfg = Release|Any CPU
		{B652295A-AA3A-4EA7-81CD-319B76F5E0EB}.Release|Any CPU.Build.0 = Release|Any CPU
		{3098A056-C55A-473F-99D1-05141E9AAF29}.Debug|Any CPU.ActiveCfg = Debug|Any CPU
		{3098A056-C55A-473F-99D1-05141E9AAF29}.Debug|Any CPU.Build.0 = Debug|Any CPU
		{3098A056-C55A-473F-99D1-05141E9AAF29}.Release|Any CPU.ActiveCfg = Release|Any CPU
		{3098A056-C55A-473F-99D1-05141E9AAF29}.Release|Any CPU.Build.0 = Release|Any CPU
		{C0306D22-F9F3-4861-9C72-56725FCD2FBD}.Debug|Any CPU.ActiveCfg = Debug|Any CPU
		{C0306D22-F9F3-4861-9C72-56725FCD2FBD}.Debug|Any CPU.Build.0 = Debug|Any CPU
		{C0306D22-F9F3-4861-9C72-56725FCD2FBD}.Release|Any CPU.ActiveCfg = Release|Any CPU
		{C0306D22-F9F3-4861-9C72-56725FCD2FBD}.Release|Any CPU.Build.0 = Release|Any CPU
		{8B731540-32A6-40A7-8C41-126997CE7DBF}.Debug|Any CPU.ActiveCfg = Debug|Any CPU
		{8B731540-32A6-40A7-8C41-126997CE7DBF}.Debug|Any CPU.Build.0 = Debug|Any CPU
		{8B731540-32A6-40A7-8C41-126997CE7DBF}.Release|Any CPU.ActiveCfg = Release|Any CPU
		{8B731540-32A6-40A7-8C41-126997CE7DBF}.Release|Any CPU.Build.0 = Release|Any CPU
	EndGlobalSection
	GlobalSection(SolutionProperties) = preSolution
		HideSolutionNode = FALSE
	EndGlobalSection
	GlobalSection(NestedProjects) = preSolution
		{4A7DCA79-33D3-4F76-8946-C19523771F3B} = {0B170B1D-EC1C-4B6D-98A5-16BC7BDE863A}
		{397FBC5B-E881-4B99-9F00-B4D2F0631621} = {5C9FE9E0-43C5-4515-835E-D61CBDE2536D}
		{F84D60BE-6126-4CDE-9A9C-E5A7BFB85D3C} = {5C9FE9E0-43C5-4515-835E-D61CBDE2536D}
		{940D6EB0-C637-45B5-B6AA-34B4EEF6AC47} = {5C9FE9E0-43C5-4515-835E-D61CBDE2536D}
		{2F67249A-726B-48BD-B5F9-54BB2669C096} = {5C9FE9E0-43C5-4515-835E-D61CBDE2536D}
		{6AD03C26-EE5E-42D8-A96B-B7CBCF0E7E76} = {5C9FE9E0-43C5-4515-835E-D61CBDE2536D}
		{CBAEF799-C453-4E86-A7DA-AFDE9CA6990A} = {1BEED96F-6142-4672-BCBA-D9BBC3C91A67}
		{93B2654D-9239-4EED-AED0-36E48ED6DE9E} = {1BEED96F-6142-4672-BCBA-D9BBC3C91A67}
		{ECC82C33-8B48-481C-94F1-CDB9772BFFBA} = {1BEED96F-6142-4672-BCBA-D9BBC3C91A67}
		{6B870143-9018-4876-A2FF-F26809F6AD10} = {1BEED96F-6142-4672-BCBA-D9BBC3C91A67}
		{A73CE47E-4547-4121-9E2D-082F6F84C38B} = {1BEED96F-6142-4672-BCBA-D9BBC3C91A67}
		{B9AD056D-088A-49DF-B7C3-9785934E9F60} = {1BEED96F-6142-4672-BCBA-D9BBC3C91A67}
		{2505877D-672F-43AF-BC03-E7A032810EBB} = {1BEED96F-6142-4672-BCBA-D9BBC3C91A67}
		{FDB96F10-6118-4FA8-884A-2977F07602CA} = {1BEED96F-6142-4672-BCBA-D9BBC3C91A67}
		{25E03D6E-17F6-4EED-B002-17CFFFCD130C} = {1BEED96F-6142-4672-BCBA-D9BBC3C91A67}
		{B652295A-AA3A-4EA7-81CD-319B76F5E0EB} = {1BEED96F-6142-4672-BCBA-D9BBC3C91A67}
		{3098A056-C55A-473F-99D1-05141E9AAF29} = {5C9FE9E0-43C5-4515-835E-D61CBDE2536D}
		{C0306D22-F9F3-4861-9C72-56725FCD2FBD} = {6FF4C92C-332B-45B5-8263-8B7A604036C7}
		{8B731540-32A6-40A7-8C41-126997CE7DBF} = {6FF4C92C-332B-45B5-8263-8B7A604036C7}
	EndGlobalSection
	GlobalSection(ExtensibilityGlobals) = postSolution
		SolutionGuid = {376CFE76-F481-429F-84CD-99C3300C9926}
	EndGlobalSection
EndGlobal
